
Microsoft Visual Studio Solution File, Format Version 12.00
# Visual Studio Version 17
VisualStudioVersion = 17.7.34031.279
MinimumVisualStudioVersion = 10.0.40219.1
Project("{9A19103F-16F7-4668-BE54-9A1E7A4F7556}") = "Genetic", "Genetic\Genetic.csproj", "{4F63E8E1-3561-4742-AA51-00C1BB1D701F}"
EndProject
Project("{9A19103F-16F7-4668-BE54-9A1E7A4F7556}") = "App", "App\App.csproj", "{5BA67A3D-4401-4147-9083-88B33003FBAC}"
	ProjectSection(ProjectDependencies) = postProject
		{4F63E8E1-3561-4742-AA51-00C1BB1D701F} = {4F63E8E1-3561-4742-AA51-00C1BB1D701F}
	EndProjectSection
EndProject
Project("{FAE04EC0-301F-11D3-BF4B-00C04F79EFBC}") = "WPF", "WPF\WPF.csproj", "{3F9717B2-B449-4A59-9B0E-978AA43CF2B0}"
	ProjectSection(ProjectDependencies) = postProject
		{4F63E8E1-3561-4742-AA51-00C1BB1D701F} = {4F63E8E1-3561-4742-AA51-00C1BB1D701F}
		{5BA67A3D-4401-4147-9083-88B33003FBAC} = {5BA67A3D-4401-4147-9083-88B33003FBAC}
	EndProjectSection
EndProject
Global
	GlobalSection(SolutionConfigurationPlatforms) = preSolution
		Debug|Any CPU = Debug|Any CPU
		Release|Any CPU = Release|Any CPU
	EndGlobalSection
	GlobalSection(ProjectConfigurationPlatforms) = postSolution
		{4F63E8E1-3561-4742-AA51-00C1BB1D701F}.Debug|Any CPU.ActiveCfg = Release|Any CPU
		{4F63E8E1-3561-4742-AA51-00C1BB1D701F}.Debug|Any CPU.Build.0 = Release|Any CPU
		{4F63E8E1-3561-4742-AA51-00C1BB1D701F}.Release|Any CPU.ActiveCfg = Release|Any CPU
		{4F63E8E1-3561-4742-AA51-00C1BB1D701F}.Release|Any CPU.Build.0 = Release|Any CPU
		{5BA67A3D-4401-4147-9083-88B33003FBAC}.Debug|Any CPU.ActiveCfg = Debug|Any CPU
		{5BA67A3D-4401-4147-9083-88B33003FBAC}.Debug|Any CPU.Build.0 = Debug|Any CPU
		{5BA67A3D-4401-4147-9083-88B33003FBAC}.Release|Any CPU.ActiveCfg = Release|Any CPU
		{5BA67A3D-4401-4147-9083-88B33003FBAC}.Release|Any CPU.Build.0 = Release|Any CPU
		{3F9717B2-B449-4A59-9B0E-978AA43CF2B0}.Debug|Any CPU.ActiveCfg = Debug|Any CPU
		{3F9717B2-B449-4A59-9B0E-978AA43CF2B0}.Debug|Any CPU.Build.0 = Debug|Any CPU
		{3F9717B2-B449-4A59-9B0E-978AA43CF2B0}.Release|Any CPU.ActiveCfg = Release|Any CPU
		{3F9717B2-B449-4A59-9B0E-978AA43CF2B0}.Release|Any CPU.Build.0 = Release|Any CPU
	EndGlobalSection
	GlobalSection(SolutionProperties) = preSolution
		HideSolutionNode = FALSE
	EndGlobalSection
	GlobalSection(ExtensibilityGlobals) = postSolution
		SolutionGuid = {E056C147-698B-4250-98A9-EC8DEF0E36E9}
	EndGlobalSection
EndGlobal
